
Microsoft Visual Studio Solution File, Format Version 12.00
# Visual Studio 15
VisualStudioVersion = 15.0.27019.1
MinimumVisualStudioVersion = 10.0.40219.1
Project("{FAE04EC0-301F-11D3-BF4B-00C04F79EFBC}") = "CSharpDesignStrategies", "CSharpDesignStrategies\CSharpDesignStrategies.csproj", "{C630A53D-7705-4F77-BA74-90A3273FF1B0}"
EndProject
Project("{FAE04EC0-301F-11D3-BF4B-00C04F79EFBC}") = "CSharpDesignStrategies.Tests", "CSharpDesignStrategies.Tests\CSharpDesignStrategies.Tests.csproj", "{1C6A0FD6-0360-4582-90DD-FFD0E7969116}"
EndProject
Global
	GlobalSection(SolutionConfigurationPlatforms) = preSolution
		Debug|Any CPU = Debug|Any CPU
		Release|Any CPU = Release|Any CPU
	EndGlobalSection
	GlobalSection(ProjectConfigurationPlatforms) = postSolution
		{C630A53D-7705-4F77-BA74-90A3273FF1B0}.Debug|Any CPU.ActiveCfg = Debug|Any CPU
		{C630A53D-7705-4F77-BA74-90A3273FF1B0}.Debug|Any CPU.Build.0 = Debug|Any CPU
		{C630A53D-7705-4F77-BA74-90A3273FF1B0}.Release|Any CPU.ActiveCfg = Release|Any CPU
		{C630A53D-7705-4F77-BA74-90A3273FF1B0}.Release|Any CPU.Build.0 = Release|Any CPU
		{1C6A0FD6-0360-4582-90DD-FFD0E7969116}.Debug|Any CPU.ActiveCfg = Debug|Any CPU
		{1C6A0FD6-0360-4582-90DD-FFD0E7969116}.Debug|Any CPU.Build.0 = Debug|Any CPU
		{1C6A0FD6-0360-4582-90DD-FFD0E7969116}.Release|Any CPU.ActiveCfg = Release|Any CPU
		{1C6A0FD6-0360-4582-90DD-FFD0E7969116}.Release|Any CPU.Build.0 = Release|Any CPU
	EndGlobalSection
	GlobalSection(SolutionProperties) = preSolution
		HideSolutionNode = FALSE
	EndGlobalSection
	GlobalSection(ExtensibilityGlobals) = postSolution
		SolutionGuid = {955FA367-446B-4252-8999-F86EB6FA35BC}
	EndGlobalSection
EndGlobal
